{
  "name": "temp",
  "version": "0.0.0",
  "lockfileVersion": 1,
  "requires": true,
  "dependencies": {
    "angular": {
      "version": "file:node_shrinkwrap/angular-1.6.5.tgz",
      "integrity": "sha1-N/eI7r7Fzi4/oCsXu8sqIxV2oNY="
    },
    "asap": {
      "version": "file:node_shrinkwrap/asap-2.0.6.tgz",
      "integrity": "sha1-5QNHYR1+aQlDIIu9r+vLwvuGbUY="
    },
    "core-js": {
      "version": "file:node_shrinkwrap/core-js-1.2.7.tgz",
      "integrity": "sha1-ZSKUwUZR2yj6k70tX/KYOk8IxjY="
    },
    "create-react-class": {
      "version": "file:node_shrinkwrap/create-react-class-15.6.0.tgz",
      "integrity": "sha1-q0SEl8JlZuHilBPogyB9V8/nvtQ=",
      "requires": {
        "fbjs": "file:node_shrinkwrap/fbjs-0.8.14.tgz",
        "loose-envify": "file:node_shrinkwrap/loose-envify-1.3.1.tgz",
        "object-assign": "file:node_shrinkwrap/object-assign-4.1.1.tgz"
      }
    },
    "encoding": {
      "version": "file:node_shrinkwrap/encoding-0.1.12.tgz",
      "integrity": "sha1-U4tm8+5izRq1HsMjgp0flIDHS+s=",
      "requires": {
        "iconv-lite": "file:node_shrinkwrap/iconv-lite-0.4.18.tgz"
      }
    },
    "fbjs": {
      "version": "file:node_shrinkwrap/fbjs-0.8.14.tgz",
      "integrity": "sha1-0dviviVMNakeCfMfnNUKQLKg7Rw=",
      "requires": {
        "core-js": "file:node_shrinkwrap/core-js-1.2.7.tgz",
        "isomorphic-fetch": "file:node_shrinkwrap/isomorphic-fetch-2.2.1.tgz",
        "loose-envify": "file:node_shrinkwrap/loose-envify-1.3.1.tgz",
        "object-assign": "file:node_shrinkwrap/object-assign-4.1.1.tgz",
        "promise": "file:node_shrinkwrap/promise-7.3.1.tgz",
        "setimmediate": "file:node_shrinkwrap/setimmediate-1.0.5.tgz",
        "ua-parser-js": "file:node_shrinkwrap/ua-parser-js-0.7.14.tgz"
      }
    },
    "iconv-lite": {
      "version": "file:node_shrinkwrap/iconv-lite-0.4.18.tgz",
      "integrity": "sha1-I9hlaxaq5nQqwpcy6o8DNqR4nPI="
    },
    "is-stream": {
      "version": "file:node_shrinkwrap/is-stream-1.1.0.tgz",
      "integrity": "sha1-EtSj3U5o4Lec6428hBc66A2RykQ="
    },
    "isomorphic-fetch": {
      "version": "file:node_shrinkwrap/isomorphic-fetch-2.2.1.tgz",
      "integrity": "sha1-YRrhrPFPXoH3KVB0coGf6XM1WKk=",
      "requires": {
        "node-fetch": "file:node_shrinkwrap/node-fetch-1.7.2.tgz",
        "whatwg-fetch": "file:node_shrinkwrap/whatwg-fetch-2.0.3.tgz"
      }
    },
    "js-tokens": {
      "version": "file:node_shrinkwrap/js-tokens-3.0.2.tgz",
      "integrity": "sha1-mGbfOVECEw449/mWvOtlRDIJwls="
    },
    "lodash": {
      "version": "file:node_shrinkwrap/lodash-4.17.4.tgz",
      "integrity": "sha1-eCA6TRwyiuHYbcpkYONptX9AVa4="
    },
    "lodash.assign": {
      "version": "file:node_shrinkwrap/lodash.assign-4.2.0.tgz",
      "integrity": "sha1-DZnzzNem0mHRm9rrkkUAXShYCOc="
    },
    "loose-envify": {
      "version": "file:node_shrinkwrap/loose-envify-1.3.1.tgz",
      "integrity": "sha1-0aitM/qc4OcT1l/dCsi3SNR4yEg=",
      "requires": {
        "js-tokens": "file:node_shrinkwrap/js-tokens-3.0.2.tgz"
      }
    },
    "node-fetch": {
      "version": "file:node_shrinkwrap/node-fetch-1.7.2.tgz",
      "integrity": "sha1-xU6arFfkModSM1JfPIkcQVn/79c=",
      "requires": {
        "encoding": "file:node_shrinkwrap/encoding-0.1.12.tgz",
        "is-stream": "file:node_shrinkwrap/is-stream-1.1.0.tgz"
      }
    },
    "object-assign": {
      "version": "file:node_shrinkwrap/object-assign-4.1.1.tgz",
      "integrity": "sha1-IQmtx5ZYh8/AXLvUQsrIv7s2CGM="
    },
    "promise": {
      "version": "file:node_shrinkwrap/promise-7.3.1.tgz",
      "integrity": "sha1-BktyYCsY+Q8pGSuLG8QY/9Hr078=",
      "requires": {
        "asap": "file:node_shrinkwrap/asap-2.0.6.tgz"
      }
    },
    "prop-types": {
      "version": "file:node_shrinkwrap/prop-types-15.5.10.tgz",
      "integrity": "sha1-J5ffwxJhguOpXj37suiT3ddFYVQ=",
      "requires": {
        "fbjs": "file:node_shrinkwrap/fbjs-0.8.14.tgz",
        "loose-envify": "file:node_shrinkwrap/loose-envify-1.3.1.tgz"
      }
    },
    "react": {
      "version": "file:node_shrinkwrap/react-15.6.1.tgz",
      "integrity": "sha1-uqhDTsZ4C96ZfNw4C3nNM7ljk98=",
      "requires": {
        "create-react-class": "file:node_shrinkwrap/create-react-class-15.6.0.tgz",
        "fbjs": "file:node_shrinkwrap/fbjs-0.8.14.tgz",
        "loose-envify": "file:node_shrinkwrap/loose-envify-1.3.1.tgz",
        "object-assign": "file:node_shrinkwrap/object-assign-4.1.1.tgz",
        "prop-types": "file:node_shrinkwrap/prop-types-15.5.10.tgz"
      }
    },
    "setimmediate": {
      "version": "file:node_shrinkwrap/setimmediate-1.0.5.tgz",
      "integrity": "sha1-KQy7Iy4waULX1+qbg3Mqt4VvgoU="
    },
    "ua-parser-js": {
      "version": "file:node_shrinkwrap/ua-parser-js-0.7.14.tgz",
      "integrity": "sha1-EQ1T+kw/MmwSEpK76skE0uAzh8o="
    },
    "whatwg-fetch": {
      "version": "file:node_shrinkwrap/whatwg-fetch-2.0.3.tgz",
      "integrity": "sha1-nITsLc9oGH/wC8ZOEnS0QhduHIQ="
    }
  }
}
