{
  "name": "temp",
  "version": "0.0.0",
  "lockfileVersion": 1,
  "requires": true,
  "dependencies": {
    "angular": {
      "version": "1.6.5",
      "resolved": "file:node_shrinkwrap/angular-1.6.5.tar",
      "integrity": "sha1-N/eI7r7Fzi4/oCsXu8sqIxV2oNY= sha512-E3A2yBPlZUjnpQf8u4jm+TCMY9S9O7kgihkQMoD8Z88efD5dh9+QoEkUP4lQVK8UzIJLTkqvK9X6+8kCcL8qdg=="
    },
    "asap": {
      "version": "2.0.6",
      "resolved": "file:node_shrinkwrap/asap-2.0.6.tar",
      "integrity": "sha1-5QNHYR1+aQlDIIu9r+vLwvuGbUY= sha512-hVubx1aACc39xigL4S5zvWnXwinnJEXXMIdNGd5nHZWikiKBTiYdtNdK4Y4E9v3PTKZsLwYcOvS/RUftg0Qguw=="
    },
    "core-js": {
      "version": "1.2.7",
      "resolved": "file:node_shrinkwrap/core-js-1.2.7.tar",
      "integrity": "sha1-ZSKUwUZR2yj6k70tX/KYOk8IxjY= sha512-0/gqjC1TyHDIa4xqAreL05tUim3gdzD6Vu+yiRnqd7HtJ3Sqao3TWsHX3CLQV1XlHY6jHHgJ1VgSbW33OykRvg=="
    },
    "create-react-class": {
      "version": "15.6.0",
      "resolved": "file:node_shrinkwrap/create-react-class-15.6.0.tar",
      "integrity": "sha1-q0SEl8JlZuHilBPogyB9V8/nvtQ= sha512-5yHp4Dks3CgkmInzGPltm+j8k7Q4UZwGrVS/b4+56+QtoGETn+FbKiHrmhuoP/X+xNMvp9FAumq4oM3MlBiviw==",
      "requires": {
        "fbjs": "file:node_shrinkwrap/fbjs-0.8.14.tar",
        "loose-envify": "file:node_shrinkwrap/loose-envify-1.3.1.tar",
        "object-assign": "file:node_shrinkwrap/object-assign-4.1.1.tar"
      }
    },
    "encoding": {
      "version": "0.1.12",
      "resolved": "file:node_shrinkwrap/encoding-0.1.12.tar",
      "integrity": "sha1-U4tm8+5izRq1HsMjgp0flIDHS+s= sha512-5PBRxmEUMLH0SGM6os0pEyj+A4oFCpIKWjy9mYUoe4ELH5JewwiucTWbCRXF3dzYo6e1u5HLECkBijIhPxyvJg==",
      "requires": {
        "iconv-lite": "file:node_shrinkwrap/iconv-lite-0.4.18.tar"
      }
    },
    "fbjs": {
      "version": "0.8.14",
      "resolved": "file:node_shrinkwrap/fbjs-0.8.14.tar",
      "integrity": "sha1-0dviviVMNakeCfMfnNUKQLKg7Rw= sha512-omVwILbVimh5y/liS3CTxtgUnHXvSf4BwlFEwoDaePqlErvGuu788ezYXUCS/QKO62GZSqW5Ved04JBeCYuDhQ==",
      "requires": {
        "core-js": "file:node_shrinkwrap/core-js-1.2.7.tar",
        "isomorphic-fetch": "file:node_shrinkwrap/isomorphic-fetch-2.2.1.tar",
        "loose-envify": "file:node_shrinkwrap/loose-envify-1.3.1.tar",
        "object-assign": "file:node_shrinkwrap/object-assign-4.1.1.tar",
        "promise": "file:node_shrinkwrap/promise-7.3.1.tar",
        "setimmediate": "file:node_shrinkwrap/setimmediate-1.0.5.tar",
        "ua-parser-js": "file:node_shrinkwrap/ua-parser-js-0.7.14.tar"
      }
    },
    "iconv-lite": {
      "version": "0.4.18",
      "resolved": "file:node_shrinkwrap/iconv-lite-0.4.18.tar",
      "integrity": "sha512-sr1ZQph3UwHTR0XftSbK85OvBbxe/abLGzEnPENCQwmHf7sck8Oyu4ob3LgBxWWxRoM+QszeUyl7jbqapu2TqA== sha512-ePhc6PBCYSqp//1cJByrcOCLU0GSRHiaPFNF2ERIon8SdEE9M0BXTh5MgWIYKG65Y9UClcb+zqZiEnZpgBy4Fg=="
    },
    "is-stream": {
      "version": "1.1.0",
      "resolved": "file:node_shrinkwrap/is-stream-1.1.0.tar",
      "integrity": "sha1-EtSj3U5o4Lec6428hBc66A2RykQ= sha512-HtxaHfwptWGPQIHcv550iJEqToLlwW9hOQv/+M5iW+Y4/jwC90jw8K2c0GznE10PkrfgSE5V9xzPhrflkhU2fw=="
    },
    "isomorphic-fetch": {
      "version": "2.2.1",
      "resolved": "file:node_shrinkwrap/isomorphic-fetch-2.2.1.tar",
      "integrity": "sha1-YRrhrPFPXoH3KVB0coGf6XM1WKk= sha512-ZzGtxDrHedJBtPdLw+H+CVpuuHQfu5f2kx1tDZpZ9GGkgLD9nx5IKuIRpKDxzAVnjZyJxLx0c+tBoi+LizsqPw==",
      "requires": {
        "node-fetch": "file:node_shrinkwrap/node-fetch-1.7.2.tar",
        "whatwg-fetch": "file:node_shrinkwrap/whatwg-fetch-2.0.3.tar"
      }
    },
    "js-tokens": {
      "version": "3.0.2",
      "resolved": "file:node_shrinkwrap/js-tokens-3.0.2.tar",
      "integrity": "sha1-mGbfOVECEw449/mWvOtlRDIJwls= sha512-M0lw8+satO/MTuxP2na2fuZxypOVACu1zCgRLpN8nU94IV9cPeSmzyMx0069yIrfDQDem37TiLA09kkeGaRrvw=="
    },
    "lodash": {
      "version": "4.17.4",
      "resolved": "file:node_shrinkwrap/lodash-4.17.4.tar",
      "integrity": "sha1-eCA6TRwyiuHYbcpkYONptX9AVa4= sha512-Xx1U1+h96HyLHtYAMLP6VEfu2ZufiMX/AtBuC7PIhog3gwK4gXyH3XO9Z2ex+S+iUcclcYTDJdx7QrzAAPHNxw=="
    },
    "lodash.assign": {
      "version": "4.2.0",
      "resolved": "file:node_shrinkwrap/lodash.assign-4.2.0.tar",
      "integrity": "sha1-DZnzzNem0mHRm9rrkkUAXShYCOc= sha512-raEpSSDCna4dGr3EWBd6x65ooHkh52NEMm8RTa9odSWU2tLIq4uRQ4UVZbWHqupy0mvpqSLy/9Gfc0sFgoXd+A=="
    },
    "loose-envify": {
      "version": "1.3.1",
      "resolved": "file:node_shrinkwrap/loose-envify-1.3.1.tar",
      "integrity": "sha1-0aitM/qc4OcT1l/dCsi3SNR4yEg= sha512-95fesEVqfrTyuB0zdM3LpGV5FzCbo58J382yJG55PYANuS0s1TKTaSvVb1sXTKcmEJ+dimoGf0fuKJ972cwIhA==",
      "requires": {
        "js-tokens": "file:node_shrinkwrap/js-tokens-3.0.2.tar"
      }
    },
    "node-fetch": {
      "version": "1.7.2",
      "resolved": "file:node_shrinkwrap/node-fetch-1.7.2.tar",
      "integrity": "sha512-xZZUq2yDhKMIn/UgG5q//IZSNLJIwW2QxS14CNH5spuiXkITM2pUitjdq58yLSaU7m4M0wBNaM2Gh/ggY4YJig== sha512-O2ZDhxV3udgr8nE7Rh9xloWd/DfT2gi9UHiBwz6fiQOELaz8HyMmcgvLl9UXRsmdtwmX4j3ve7zMAtuB5xr1LA==",
      "requires": {
        "encoding": "file:node_shrinkwrap/encoding-0.1.12.tar",
        "is-stream": "file:node_shrinkwrap/is-stream-1.1.0.tar"
      }
    },
    "object-assign": {
      "version": "4.1.1",
      "resolved": "file:node_shrinkwrap/object-assign-4.1.1.tar",
      "integrity": "sha1-IQmtx5ZYh8/AXLvUQsrIv7s2CGM= sha512-6rZFYXnOd4fzzR08xaFyDbngTv+Em18dcK0WeGmJZXZkRoL3IBLHKHSWue/irVXcA+mHHhwWjQSOFCauilkm1Q=="
    },
    "promise": {
      "version": "7.3.1",
      "resolved": "file:node_shrinkwrap/promise-7.3.1.tar",
      "integrity": "sha512-nolQXZ/4L+bP/UGlkfaIujX9BKxGwmQ9OT4mOt5yvy8iK1h3wqTEJCijzGANTCCl9nWjY41juyAn2K3Q1hLLTg== sha512-S3CEe1ZLKxp4LIh86h5TeMhu+3Ivy4dfcLn12+9apMAJA/ynjoQiNTfeg62lnqbqmX56TQXXpYBMZdMWVm2Q8A==",
      "requires": {
        "asap": "file:node_shrinkwrap/asap-2.0.6.tar"
      }
    },
    "prop-types": {
      "version": "15.5.10",
      "resolved": "file:node_shrinkwrap/prop-types-15.5.10.tar",
      "integrity": "sha1-J5ffwxJhguOpXj37suiT3ddFYVQ= sha512-SRHkApyNSmJAfISsy3zg6LIBsH3roIhaF8HwLwcWF69nBmBXHfhhK/VBWp3nvTGmjLPee7kEst3jqD5Dc0Xs0A==",
      "requires": {
        "fbjs": "file:node_shrinkwrap/fbjs-0.8.14.tar",
        "loose-envify": "file:node_shrinkwrap/loose-envify-1.3.1.tar"
      }
    },
    "react": {
      "version": "15.6.1",
      "resolved": "file:node_shrinkwrap/react-15.6.1.tar",
      "integrity": "sha1-uqhDTsZ4C96ZfNw4C3nNM7ljk98= sha512-6bE9XDGTwVOAnAw9kWpXUwbmNHUimm9UBWtINqXqTZ9Z1KK0PyED8OSKn9x8Wwdh8JbbvI95HaOwuU582MUbuA==",
      "requires": {
        "create-react-class": "file:node_shrinkwrap/create-react-class-15.6.0.tar",
        "fbjs": "file:node_shrinkwrap/fbjs-0.8.14.tar",
        "loose-envify": "file:node_shrinkwrap/loose-envify-1.3.1.tar",
        "object-assign": "file:node_shrinkwrap/object-assign-4.1.1.tar",
        "prop-types": "file:node_shrinkwrap/prop-types-15.5.10.tar"
      }
    },
    "setimmediate": {
      "version": "1.0.5",
      "resolved": "file:node_shrinkwrap/setimmediate-1.0.5.tar",
      "integrity": "sha1-KQy7Iy4waULX1+qbg3Mqt4VvgoU= sha512-TVrFQdZXYu8jQ4FkAGd2PbfvFKJRrt7OJn0dr14W7I3yHsG9S3g16K8awW6eOz3aUa1rHs1HttRyE929uXsb6g=="
    },
    "ua-parser-js": {
      "version": "0.7.14",
      "resolved": "file:node_shrinkwrap/ua-parser-js-0.7.14.tar",
      "integrity": "sha1-EQ1T+kw/MmwSEpK76skE0uAzh8o= sha512-H6UG52LXW2PP2pp5Epy/qYEr2fQHfqqJ2Mu+1alIdDPV/ZmVUJRvLFL2XtgiXJVLSvnwNIsIM5ICYcnsQI0GoQ=="
    },
    "whatwg-fetch": {
      "version": "2.0.3",
      "resolved": "file:node_shrinkwrap/whatwg-fetch-2.0.3.tar",
      "integrity": "sha1-nITsLc9oGH/wC8ZOEnS0QhduHIQ= sha512-RFZv5NwmYdZP+xIWp6SZkF0kiBe6oG05+mlWRZNi+lTMM99NByWEtXoTjR8SLNS3FVJ0iy0Y3h44skNHlVvY4w=="
    }
  }
}
